
Microsoft Visual Studio Solution File, Format Version 12.00
# Visual Studio Version 17
VisualStudioVersion = 17.2.32616.157
MinimumVisualStudioVersion = 10.0.40219.1
Project("{FAE04EC0-301F-11D3-BF4B-00C04F79EFBC}") = "Test2", "..\Test2.1\Test2\Test2.csproj", "{71340C29-2147-4C1D-A583-18FD1A181FDE}"
EndProject
Global
	GlobalSection(SolutionConfigurationPlatforms) = preSolution
		Debug|Any CPU = Debug|Any CPU
		Release|Any CPU = Release|Any CPU
	EndGlobalSection
	GlobalSection(ProjectConfigurationPlatforms) = postSolution
		{71340C29-2147-4C1D-A583-18FD1A181FDE}.Debug|Any CPU.ActiveCfg = Debug|Any CPU
		{71340C29-2147-4C1D-A583-18FD1A181FDE}.Debug|Any CPU.Build.0 = Debug|Any CPU
		{71340C29-2147-4C1D-A583-18FD1A181FDE}.Release|Any CPU.ActiveCfg = Release|Any CPU
		{71340C29-2147-4C1D-A583-18FD1A181FDE}.Release|Any CPU.Build.0 = Release|Any CPU
	EndGlobalSection
	GlobalSection(SolutionProperties) = preSolution
		HideSolutionNode = FALSE
	EndGlobalSection
	GlobalSection(ExtensibilityGlobals) = postSolution
		SolutionGuid = {7A8874FB-A31E-4C27-B809-B103ADD2D4BB}
	EndGlobalSection
EndGlobal
